
Microsoft Visual Studio Solution File, Format Version 12.00
# Visual Studio Version 17
VisualStudioVersion = 17.0.31903.59
MinimumVisualStudioVersion = 10.0.40219.1
Project("{9A19103F-16F7-4668-BE54-9A1E7A4F7556}") = "API", "API\API.csproj", "{B2FEC37E-DE91-41F4-BB7E-4CC69F55B04B}"
EndProject
Project("{9A19103F-16F7-4668-BE54-9A1E7A4F7556}") = "Core", "Core\Core.csproj", "{7E810EA0-3EF4-412D-918D-203CD3E7C8D9}"
EndProject
Project("{9A19103F-16F7-4668-BE54-9A1E7A4F7556}") = "Infrastructure", "Infrastructure\Infrastructure.csproj", "{7121AF26-0C39-4B0E-83E1-1D34B810EC27}"
EndProject
Global
	GlobalSection(SolutionConfigurationPlatforms) = preSolution
		Debug|Any CPU = Debug|Any CPU
		Release|Any CPU = Release|Any CPU
	EndGlobalSection
	GlobalSection(ProjectConfigurationPlatforms) = postSolution
		{B2FEC37E-DE91-41F4-BB7E-4CC69F55B04B}.Debug|Any CPU.ActiveCfg = Debug|Any CPU
		{B2FEC37E-DE91-41F4-BB7E-4CC69F55B04B}.Debug|Any CPU.Build.0 = Debug|Any CPU
		{B2FEC37E-DE91-41F4-BB7E-4CC69F55B04B}.Release|Any CPU.ActiveCfg = Release|Any CPU
		{B2FEC37E-DE91-41F4-BB7E-4CC69F55B04B}.Release|Any CPU.Build.0 = Release|Any CPU
		{7E810EA0-3EF4-412D-918D-203CD3E7C8D9}.Debug|Any CPU.ActiveCfg = Debug|Any CPU
		{7E810EA0-3EF4-412D-918D-203CD3E7C8D9}.Debug|Any CPU.Build.0 = Debug|Any CPU
		{7E810EA0-3EF4-412D-918D-203CD3E7C8D9}.Release|Any CPU.ActiveCfg = Release|Any CPU
		{7E810EA0-3EF4-412D-918D-203CD3E7C8D9}.Release|Any CPU.Build.0 = Release|Any CPU
		{7121AF26-0C39-4B0E-83E1-1D34B810EC27}.Debug|Any CPU.ActiveCfg = Debug|Any CPU
		{7121AF26-0C39-4B0E-83E1-1D34B810EC27}.Debug|Any CPU.Build.0 = Debug|Any CPU
		{7121AF26-0C39-4B0E-83E1-1D34B810EC27}.Release|Any CPU.ActiveCfg = Release|Any CPU
		{7121AF26-0C39-4B0E-83E1-1D34B810EC27}.Release|Any CPU.Build.0 = Release|Any CPU
	EndGlobalSection
	GlobalSection(SolutionProperties) = preSolution
		HideSolutionNode = FALSE
	EndGlobalSection
	GlobalSection(ExtensibilityGlobals) = postSolution
		SolutionGuid = {971B2BB7-CDCA-4617-8C8E-3CADF28C69F9}
	EndGlobalSection
EndGlobal
